PODS:
  - RxCocoa (3.0.0-rc.1):
    - RxSwift (~> 3.0.0-rc.1)
  - RxDataSources (1.0.0-rc.2):
    - RxCocoa (~> 3.0.0-rc.1)
    - RxSwift (~> 3.0.0-rc.1)
  - RxSwift (3.0.0-rc.1)
  - UIColor_Hex_Swift (3.0.2)

DEPENDENCIES:
  - RxCocoa (= 3.0.0-rc.1)
  - RxDataSources (= 1.0.0-rc.2)
  - RxSwift (= 3.0.0-rc.1)
  - UIColor_Hex_Swift

SPEC CHECKSUMS:
  RxCocoa: e72a074a7f38896ec0382d096df5f58df10115c7
  RxDataSources: f7de4f2a0725332319a4322dd795ae45ce28c529
  RxSwift: d7a3819dd71789c473e3cbf1a0c02d58b2692739
  UIColor_Hex_Swift: 95f718452092a3efc8a827dffd2c04d3237be02d

PODFILE CHECKSUM: 431abde3e4976c930dc05b3d9124873d11e343f6

COCOAPODS: 1.1.1
