// !$*UTF8*$!
{
	archiveVersion = 1;
	classes = {
	};
	objectVersion = 46;
	objects = {

/* Begin PBXBuildFile section */
		5324A9911DB94152005AE0B7 /* BorderedTextView.swift in Sources */ = {isa = PBXBuildFile; fileRef = 5324A9901DB94152005AE0B7 /* BorderedTextView.swift */; };
		53566B7E1DB9B0C1000BD288 /* DataController.swift in Sources */ = {isa = PBXBuildFile; fileRef = 53566B7D1DB9B0C0000BD288 /* DataController.swift */; };
		53566B801DB9BBC8000BD288 /* TableViewController.swift in Sources */ = {isa = PBXBuildFile; fileRef = 53566B7F1DB9BBC8000BD288 /* TableViewController.swift */; };
		53566B831DB9C018000BD288 /* Contributor.swift in Sources */ = {isa = PBXBuildFile; fileRef = 53566B821DB9C018000BD288 /* Contributor.swift */; };
		53676B101DBD17AA0096F0DB /* String.swift in Sources */ = {isa = PBXBuildFile; fileRef = 53676B0F1DBD17AA0096F0DB /* String.swift */; };
		5367A7E91DBA4CCC00E5B788 /* CollectionViewController.swift in Sources */ = {isa = PBXBuildFile; fileRef = 5367A7E81DBA4CCC00E5B788 /* CollectionViewController.swift */; };
		5367A7EB1DBA54A400E5B788 /* TitledHeaderView.swift in Sources */ = {isa = PBXBuildFile; fileRef = 5367A7EA1DBA54A400E5B788 /* TitledHeaderView.swift */; };
		5367A7ED1DBA55BB00E5B788 /* TitledCellView.swift in Sources */ = {isa = PBXBuildFile; fileRef = 5367A7EC1DBA55BB00E5B788 /* TitledCellView.swift */; };
		5367A7F21DBA5C6900E5B788 /* AnimatedSectionModel.swift in Sources */ = {isa = PBXBuildFile; fileRef = 5367A7F11DBA5C6900E5B788 /* AnimatedSectionModel.swift */; };
		536F271B1DBA9392000E6541 /* ForwardViewModel.swift in Sources */ = {isa = PBXBuildFile; fileRef = 536F271A1DBA9392000E6541 /* ForwardViewModel.swift */; };
		536F271D1DBA9C6F000E6541 /* ForwardController.swift in Sources */ = {isa = PBXBuildFile; fileRef = 536F271C1DBA9C6F000E6541 /* ForwardController.swift */; };
		53AC80F21DBD898600608BD4 /* GitHubController.swift in Sources */ = {isa = PBXBuildFile; fileRef = 53AC80F11DBD898600608BD4 /* GitHubController.swift */; };
		53B67F891DBD8D1A00EE1FA8 /* Repository.swift in Sources */ = {isa = PBXBuildFile; fileRef = 53B67F881DBD8D1A00EE1FA8 /* Repository.swift */; };
		53B67F8B1DBD8D6B00EE1FA8 /* GitHubViewModel.swift in Sources */ = {isa = PBXBuildFile; fileRef = 53B67F8A1DBD8D6B00EE1FA8 /* GitHubViewModel.swift */; };
		53B9C7CB1DB90C5A0003C8BD /* AppDelegate.swift in Sources */ = {isa = PBXBuildFile; fileRef = 53B9C7CA1DB90C5A0003C8BD /* AppDelegate.swift */; };
		53B9C7CD1DB90C5A0003C8BD /* BindController.swift in Sources */ = {isa = PBXBuildFile; fileRef = 53B9C7CC1DB90C5A0003C8BD /* BindController.swift */; };
		53B9C7D01DB90C5A0003C8BD /* Main.storyboard in Resources */ = {isa = PBXBuildFile; fileRef = 53B9C7CE1DB90C5A0003C8BD /* Main.storyboard */; };
		53B9C7D21DB90C5A0003C8BD /* Assets.xcassets in Resources */ = {isa = PBXBuildFile; fileRef = 53B9C7D11DB90C5A0003C8BD /* Assets.xcassets */; };
		53B9C7D51DB90C5A0003C8BD /* LaunchScreen.storyboard in Resources */ = {isa = PBXBuildFile; fileRef = 53B9C7D31DB90C5A0003C8BD /* LaunchScreen.storyboard */; };
		53B9C7E01DB90C5A0003C8BD /* BindUIElementsTests.swift in Sources */ = {isa = PBXBuildFile; fileRef = 53B9C7DF1DB90C5A0003C8BD /* BindUIElementsTests.swift */; };
		890305C8C724DA08E92B0F9F /* Pods_BindUIElementsTests.framework in Frameworks */ = {isa = PBXBuildFile; fileRef = 251E3352DC9DB5BBAC5310D5 /* Pods_BindUIElementsTests.framework */; };
		9428689FF9BBBE604F176D68 /* Pods_BindUIElements.framework in Frameworks */ = {isa = PBXBuildFile; fileRef = 2077E8A5DD6CEE54FAB567AA /* Pods_BindUIElements.framework */; };
/* End PBXBuildFile section */

/* Begin PBXContainerItemProxy section */
		53B9C7DC1DB90C5A0003C8BD /* PBXContainerItemProxy */ = {
			isa = PBXContainerItemProxy;
			containerPortal = 53B9C7BF1DB90C5A0003C8BD /* Project object */;
			proxyType = 1;
			remoteGlobalIDString = 53B9C7C61DB90C5A0003C8BD;
			remoteInfo = BindUIElements;
		};
/* End PBXContainerItemProxy section */

/* Begin PBXFileReference section */
		2077E8A5DD6CEE54FAB567AA /* Pods_BindUIElements.framework */ = {isa = PBXFileReference; explicitFileType = wrapper.framework; includeInIndex = 0; path = Pods_BindUIElements.framework; sourceTree = BUILT_PRODUCTS_DIR; };
		251E3352DC9DB5BBAC5310D5 /* Pods_BindUIElementsTests.framework */ = {isa = PBXFileReference; explicitFileType = wrapper.framework; includeInIndex = 0; path = Pods_BindUIElementsTests.framework; sourceTree = BUILT_PRODUCTS_DIR; };
		5324A9901DB94152005AE0B7 /* BorderedTextView.swift */ = {isa = PBXFileReference; fileEncoding = 4; lastKnownFileType = sourcecode.swift; path = BorderedTextView.swift; sourceTree = "<group>"; };
		53566B7D1DB9B0C0000BD288 /* DataController.swift */ = {isa = PBXFileReference; fileEncoding = 4; lastKnownFileType = sourcecode.swift; path = DataController.swift; sourceTree = "<group>"; };
		53566B7F1DB9BBC8000BD288 /* TableViewController.swift */ = {isa = PBXFileReference; fileEncoding = 4; lastKnownFileType = sourcecode.swift; path = TableViewController.swift; sourceTree = "<group>"; };
		53566B821DB9C018000BD288 /* Contributor.swift */ = {isa = PBXFileReference; fileEncoding = 4; lastKnownFileType = sourcecode.swift; path = Contributor.swift; sourceTree = "<group>"; };
		53676B0F1DBD17AA0096F0DB /* String.swift */ = {isa = PBXFileReference; fileEncoding = 4; lastKnownFileType = sourcecode.swift; path = String.swift; sourceTree = "<group>"; };
		5367A7E81DBA4CCC00E5B788 /* CollectionViewController.swift */ = {isa = PBXFileReference; fileEncoding = 4; lastKnownFileType = sourcecode.swift; path = CollectionViewController.swift; sourceTree = "<group>"; };
		5367A7EA1DBA54A400E5B788 /* TitledHeaderView.swift */ = {isa = PBXFileReference; fileEncoding = 4; lastKnownFileType = sourcecode.swift; path = TitledHeaderView.swift; sourceTree = "<group>"; };
		5367A7EC1DBA55BB00E5B788 /* TitledCellView.swift */ = {isa = PBXFileReference; fileEncoding = 4; lastKnownFileType = sourcecode.swift; path = TitledCellView.swift; sourceTree = "<group>"; };
		5367A7F11DBA5C6900E5B788 /* AnimatedSectionModel.swift */ = {isa = PBXFileReference; fileEncoding = 4; lastKnownFileType = sourcecode.swift; path = AnimatedSectionModel.swift; sourceTree = "<group>"; };
		536F271A1DBA9392000E6541 /* ForwardViewModel.swift */ = {isa = PBXFileReference; fileEncoding = 4; lastKnownFileType = sourcecode.swift; path = ForwardViewModel.swift; sourceTree = "<group>"; };
		536F271C1DBA9C6F000E6541 /* ForwardController.swift */ = {isa = PBXFileReference; fileEncoding = 4; lastKnownFileType = sourcecode.swift; path = ForwardController.swift; sourceTree = "<group>"; };
		53AC80F11DBD898600608BD4 /* GitHubController.swift */ = {isa = PBXFileReference; fileEncoding = 4; lastKnownFileType = sourcecode.swift; path = GitHubController.swift; sourceTree = "<group>"; };
		53B67F881DBD8D1A00EE1FA8 /* Repository.swift */ = {isa = PBXFileReference; fileEncoding = 4; lastKnownFileType = sourcecode.swift; path = Repository.swift; sourceTree = "<group>"; };
		53B67F8A1DBD8D6B00EE1FA8 /* GitHubViewModel.swift */ = {isa = PBXFileReference; fileEncoding = 4; lastKnownFileType = sourcecode.swift; path = GitHubViewModel.swift; sourceTree = "<group>"; };
		53B9C7C71DB90C5A0003C8BD /* BindUIElements.app */ = {isa = PBXFileReference; explicitFileType = wrapper.application; includeInIndex = 0; path = BindUIElements.app; sourceTree = BUILT_PRODUCTS_DIR; };
		53B9C7CA1DB90C5A0003C8BD /* AppDelegate.swift */ = {isa = PBXFileReference; lastKnownFileType = sourcecode.swift; path = AppDelegate.swift; sourceTree = "<group>"; };
		53B9C7CC1DB90C5A0003C8BD /* BindController.swift */ = {isa = PBXFileReference; lastKnownFileType = sourcecode.swift; path = BindController.swift; sourceTree = "<group>"; };
		53B9C7CF1DB90C5A0003C8BD /* Base */ = {isa = PBXFileReference; lastKnownFileType = file.storyboard; name = Base; path = Base.lproj/Main.storyboard; sourceTree = "<group>"; };
		53B9C7D11DB90C5A0003C8BD /* Assets.xcassets */ = {isa = PBXFileReference; lastKnownFileType = folder.assetcatalog; path = Assets.xcassets; sourceTree = "<group>"; };
		53B9C7D41DB90C5A0003C8BD /* Base */ = {isa = PBXFileReference; lastKnownFileType = file.storyboard; name = Base; path = Base.lproj/LaunchScreen.storyboard; sourceTree = "<group>"; };
		53B9C7D61DB90C5A0003C8BD /* Info.plist */ = {isa = PBXFileReference; lastKnownFileType = text.plist.xml; path = Info.plist; sourceTree = "<group>"; };
		53B9C7DB1DB90C5A0003C8BD /* BindUIElementsTests.xctest */ = {isa = PBXFileReference; explicitFileType = wrapper.cfbundle; includeInIndex = 0; path = BindUIElementsTests.xctest; sourceTree = BUILT_PRODUCTS_DIR; };
		53B9C7DF1DB90C5A0003C8BD /* BindUIElementsTests.swift */ = {isa = PBXFileReference; lastKnownFileType = sourcecode.swift; path = BindUIElementsTests.swift; sourceTree = "<group>"; };
		53B9C7E11DB90C5A0003C8BD /* Info.plist */ = {isa = PBXFileReference; lastKnownFileType = text.plist.xml; path = Info.plist; sourceTree = "<group>"; };
		5838C0D1C7723D4F08641776 /* Pods-BindUIElementsTests.debug.xcconfig */ = {isa = PBXFileReference; includeInIndex = 1; lastKnownFileType = text.xcconfig; name = "Pods-BindUIElementsTests.debug.xcconfig"; path = "../Pods/Target Support Files/Pods-BindUIElementsTests/Pods-BindUIElementsTests.debug.xcconfig"; sourceTree = "<group>"; };
		8C539263688EF6C160610FCE /* Pods-BindUIElements.release.xcconfig */ = {isa = PBXFileReference; includeInIndex = 1; lastKnownFileType = text.xcconfig; name = "Pods-BindUIElements.release.xcconfig"; path = "../Pods/Target Support Files/Pods-BindUIElements/Pods-BindUIElements.release.xcconfig"; sourceTree = "<group>"; };
		99BA9DB4932D97187AD0005F /* Pods-BindUIElementsTests.release.xcconfig */ = {isa = PBXFileReference; includeInIndex = 1; lastKnownFileType = text.xcconfig; name = "Pods-BindUIElementsTests.release.xcconfig"; path = "../Pods/Target Support Files/Pods-BindUIElementsTests/Pods-BindUIElementsTests.release.xcconfig"; sourceTree = "<group>"; };
		A79361B6EB45C6D3E4665263 /* Pods-BindUIElements.debug.xcconfig */ = {isa = PBXFileReference; includeInIndex = 1; lastKnownFileType = text.xcconfig; name = "Pods-BindUIElements.debug.xcconfig"; path = "../Pods/Target Support Files/Pods-BindUIElements/Pods-BindUIElements.debug.xcconfig"; sourceTree = "<group>"; };
/* End PBXFileReference section */

/* Begin PBXFrameworksBuildPhase section */
		53B9C7C41DB90C5A0003C8BD /* Frameworks */ = {
			isa = PBXFrameworksBuildPhase;
			buildActionMask = 2147483647;
			files = (
				9428689FF9BBBE604F176D68 /* Pods_BindUIElements.framework in Frameworks */,
			);
			runOnlyForDeploymentPostprocessing = 0;
		};
		53B9C7D81DB90C5A0003C8BD /* Frameworks */ = {
			isa = PBXFrameworksBuildPhase;
			buildActionMask = 2147483647;
			files = (
				890305C8C724DA08E92B0F9F /* Pods_BindUIElementsTests.framework in Frameworks */,
			);
			runOnlyForDeploymentPostprocessing = 0;
		};
/* End PBXFrameworksBuildPhase section */

/* Begin PBXGroup section */
		1169D51DB87F6CAE72DC2428 /* Pods */ = {
			isa = PBXGroup;
			children = (
				A79361B6EB45C6D3E4665263 /* Pods-BindUIElements.debug.xcconfig */,
				8C539263688EF6C160610FCE /* Pods-BindUIElements.release.xcconfig */,
				5838C0D1C7723D4F08641776 /* Pods-BindUIElementsTests.debug.xcconfig */,
				99BA9DB4932D97187AD0005F /* Pods-BindUIElementsTests.release.xcconfig */,
			);
			name = Pods;
			sourceTree = "<group>";
		};
		5324A98F1DB94122005AE0B7 /* Views */ = {
			isa = PBXGroup;
			children = (
				5324A9901DB94152005AE0B7 /* BorderedTextView.swift */,
				5367A7EC1DBA55BB00E5B788 /* TitledCellView.swift */,
				5367A7EA1DBA54A400E5B788 /* TitledHeaderView.swift */,
			);
			path = Views;
			sourceTree = "<group>";
		};
		53566B811DB9C000000BD288 /* Models */ = {
			isa = PBXGroup;
			children = (
				5367A7F11DBA5C6900E5B788 /* AnimatedSectionModel.swift */,
				53566B821DB9C018000BD288 /* Contributor.swift */,
				53B67F881DBD8D1A00EE1FA8 /* Repository.swift */,
			);
			path = Models;
			sourceTree = "<group>";
		};
		53676B0E1DBD17920096F0DB /* Extensions */ = {
			isa = PBXGroup;
			children = (
				53676B0F1DBD17AA0096F0DB /* String.swift */,
			);
			path = Extensions;
			sourceTree = "<group>";
		};
		536F27191DBA9351000E6541 /* ViewModels */ = {
			isa = PBXGroup;
			children = (
				536F271A1DBA9392000E6541 /* ForwardViewModel.swift */,
				53B67F8A1DBD8D6B00EE1FA8 /* GitHubViewModel.swift */,
			);
			path = ViewModels;
			sourceTree = "<group>";
		};
		53B9C7BE1DB90C5A0003C8BD = {
			isa = PBXGroup;
			children = (
				53B9C7C91DB90C5A0003C8BD /* BindUIElements */,
				53B9C7DE1DB90C5A0003C8BD /* BindUIElementsTests */,
				53B9C7C81DB90C5A0003C8BD /* Products */,
				1169D51DB87F6CAE72DC2428 /* Pods */,
				9F6D2381220BC73C81CDFA3E /* Frameworks */,
			);
			sourceTree = "<group>";
		};
		53B9C7C81DB90C5A0003C8BD /* Products */ = {
			isa = PBXGroup;
			children = (
				53B9C7C71DB90C5A0003C8BD /* BindUIElements.app */,
				53B9C7DB1DB90C5A0003C8BD /* BindUIElementsTests.xctest */,
			);
			name = Products;
			sourceTree = "<group>";
		};
		53B9C7C91DB90C5A0003C8BD /* BindUIElements */ = {
			isa = PBXGroup;
			children = (
				53B9C7D11DB90C5A0003C8BD /* Assets.xcassets */,
				53B9C7EA1DB9111E0003C8BD /* Common */,
				53B9C7EB1DB911260003C8BD /* Controllers */,
				53676B0E1DBD17920096F0DB /* Extensions */,
				53B9C7D61DB90C5A0003C8BD /* Info.plist */,
				53566B811DB9C000000BD288 /* Models */,
				53B9C7EC1DB9112E0003C8BD /* Storyboards */,
				536F27191DBA9351000E6541 /* ViewModels */,
				5324A98F1DB94122005AE0B7 /* Views */,
			);
			path = BindUIElements;
			sourceTree = "<group>";
		};
		53B9C7DE1DB90C5A0003C8BD /* BindUIElementsTests */ = {
			isa = PBXGroup;
			children = (
				53B9C7DF1DB90C5A0003C8BD /* BindUIElementsTests.swift */,
				53B9C7E11DB90C5A0003C8BD /* Info.plist */,
			);
			path = BindUIElementsTests;
			sourceTree = "<group>";
		};
		53B9C7EA1DB9111E0003C8BD /* Common */ = {
			isa = PBXGroup;
			children = (
				53B9C7CA1DB90C5A0003C8BD /* AppDelegate.swift */,
			);
			path = Common;
			sourceTree = "<group>";
		};
		53B9C7EB1DB911260003C8BD /* Controllers */ = {
			isa = PBXGroup;
			children = (
				53AC80F11DBD898600608BD4 /* GitHubController.swift */,
				53B9C7CC1DB90C5A0003C8BD /* BindController.swift */,
				5367A7E81DBA4CCC00E5B788 /* CollectionViewController.swift */,
				53566B7D1DB9B0C0000BD288 /* DataController.swift */,
				536F271C1DBA9C6F000E6541 /* ForwardController.swift */,
				53566B7F1DB9BBC8000BD288 /* TableViewController.swift */,
			);
			path = Controllers;
			sourceTree = "<group>";
		};
		53B9C7EC1DB9112E0003C8BD /* Storyboards */ = {
			isa = PBXGroup;
			children = (
				53B9C7D31DB90C5A0003C8BD /* LaunchScreen.storyboard */,
				53B9C7CE1DB90C5A0003C8BD /* Main.storyboard */,
			);
			path = Storyboards;
			sourceTree = "<group>";
		};
		9F6D2381220BC73C81CDFA3E /* Frameworks */ = {
			isa = PBXGroup;
			children = (
				2077E8A5DD6CEE54FAB567AA /* Pods_BindUIElements.framework */,
				251E3352DC9DB5BBAC5310D5 /* Pods_BindUIElementsTests.framework */,
			);
			name = Frameworks;
			sourceTree = "<group>";
		};
/* End PBXGroup section */

/* Begin PBXNativeTarget section */
		53B9C7C61DB90C5A0003C8BD /* BindUIElements */ = {
			isa = PBXNativeTarget;
			buildConfigurationList = 53B9C7E41DB90C5A0003C8BD /* Build configuration list for PBXNativeTarget "BindUIElements" */;
			buildPhases = (
				31032D4B4FE2412DFED1E69A /* [CP] Check Pods Manifest.lock */,
				53B9C7C31DB90C5A0003C8BD /* Sources */,
				53B9C7C41DB90C5A0003C8BD /* Frameworks */,
				53B9C7C51DB90C5A0003C8BD /* Resources */,
				8A8ED8A25C7105E156BD4B11 /* [CP] Embed Pods Frameworks */,
				A28E551B9D793D41A763E9FB /* [CP] Copy Pods Resources */,
			);
			buildRules = (
			);
			dependencies = (
			);
			name = BindUIElements;
			productName = BindUIElements;
			productReference = 53B9C7C71DB90C5A0003C8BD /* BindUIElements.app */;
			productType = "com.apple.product-type.application";
		};
		53B9C7DA1DB90C5A0003C8BD /* BindUIElementsTests */ = {
			isa = PBXNativeTarget;
			buildConfigurationList = 53B9C7E71DB90C5A0003C8BD /* Build configuration list for PBXNativeTarget "BindUIElementsTests" */;
			buildPhases = (
				C9842C6D40C8296D6A23808F /* [CP] Check Pods Manifest.lock */,
				53B9C7D71DB90C5A0003C8BD /* Sources */,
				53B9C7D81DB90C5A0003C8BD /* Frameworks */,
				53B9C7D91DB90C5A0003C8BD /* Resources */,
				A424F3856EFD90C19EFDA4DE /* [CP] Embed Pods Frameworks */,
				5F4589FE9CB5B2CD5382C853 /* [CP] Copy Pods Resources */,
			);
			buildRules = (
			);
			dependencies = (
				53B9C7DD1DB90C5A0003C8BD /* PBXTargetDependency */,
			);
			name = BindUIElementsTests;
			productName = BindUIElementsTests;
			productReference = 53B9C7DB1DB90C5A0003C8BD /* BindUIElementsTests.xctest */;
			productType = "com.apple.product-type.bundle.unit-test";
		};
/* End PBXNativeTarget section */

/* Begin PBXProject section */
		53B9C7BF1DB90C5A0003C8BD /* Project object */ = {
			isa = PBXProject;
			attributes = {
				LastSwiftUpdateCheck = 0800;
				LastUpgradeCheck = 0800;
				ORGANIZATIONNAME = "Swift Yah";
				TargetAttributes = {
					53B9C7C61DB90C5A0003C8BD = {
						CreatedOnToolsVersion = 8.0;
						DevelopmentTeam = LQ5WW9469F;
						ProvisioningStyle = Automatic;
					};
					53B9C7DA1DB90C5A0003C8BD = {
						CreatedOnToolsVersion = 8.0;
						DevelopmentTeam = LQ5WW9469F;
						ProvisioningStyle = Automatic;
						TestTargetID = 53B9C7C61DB90C5A0003C8BD;
					};
				};
			};
			buildConfigurationList = 53B9C7C21DB90C5A0003C8BD /* Build configuration list for PBXProject "BindUIElements" */;
			compatibilityVersion = "Xcode 3.2";
			developmentRegion = English;
			hasScannedForEncodings = 0;
			knownRegions = (
				en,
				Base,
			);
			mainGroup = 53B9C7BE1DB90C5A0003C8BD;
			productRefGroup = 53B9C7C81DB90C5A0003C8BD /* Products */;
			projectDirPath = "";
			projectRoot = "";
			targets = (
				53B9C7C61DB90C5A0003C8BD /* BindUIElements */,
				53B9C7DA1DB90C5A0003C8BD /* BindUIElementsTests */,
			);
		};
/* End PBXProject section */

/* Begin PBXResourcesBuildPhase section */
		53B9C7C51DB90C5A0003C8BD /* Resources */ = {
			isa = PBXResourcesBuildPhase;
			buildActionMask = 2147483647;
			files = (
				53B9C7D51DB90C5A0003C8BD /* LaunchScreen.storyboard in Resources */,
				53B9C7D21DB90C5A0003C8BD /* Assets.xcassets in Resources */,
				53B9C7D01DB90C5A0003C8BD /* Main.storyboard in Resources */,
			);
			runOnlyForDeploymentPostprocessing = 0;
		};
		53B9C7D91DB90C5A0003C8BD /* Resources */ = {
			isa = PBXResourcesBuildPhase;
			buildActionMask = 2147483647;
			files = (
			);
			runOnlyForDeploymentPostprocessing = 0;
		};
/* End PBXResourcesBuildPhase section */

/* Begin PBXShellScriptBuildPhase section */
		31032D4B4FE2412DFED1E69A /* [CP] Check Pods Manifest.lock */ = {
			isa = PBXShellScriptBuildPhase;
			buildActionMask = 2147483647;
			files = (
			);
			inputPaths = (
			);
			name = "[CP] Check Pods Manifest.lock";
			outputPaths = (
			);
			runOnlyForDeploymentPostprocessing = 0;
			shellPath = /bin/sh;
			shellScript = "diff \"${PODS_ROOT}/../Podfile.lock\" \"${PODS_ROOT}/Manifest.lock\" > /dev/null\nif [ $? != 0 ] ; then\n    # print error to STDERR\n    echo \"error: The sandbox is not in sync with the Podfile.lock. Run 'pod install' or update your CocoaPods installation.\" >&2\n    exit 1\nfi\n";
			showEnvVarsInLog = 0;
		};
		5F4589FE9CB5B2CD5382C853 /* [CP] Copy Pods Resources */ = {
			isa = PBXShellScriptBuildPhase;
			buildActionMask = 2147483647;
			files = (
			);
			inputPaths = (
			);
			name = "[CP] Copy Pods Resources";
			outputPaths = (
			);
			runOnlyForDeploymentPostprocessing = 0;
			shellPath = /bin/sh;
			shellScript = "\"${SRCROOT}/../Pods/Target Support Files/Pods-BindUIElementsTests/Pods-BindUIElementsTests-resources.sh\"\n";
			showEnvVarsInLog = 0;
		};
		8A8ED8A25C7105E156BD4B11 /* [CP] Embed Pods Frameworks */ = {
			isa = PBXShellScriptBuildPhase;
			buildActionMask = 2147483647;
			files = (
			);
			inputPaths = (
			);
			name = "[CP] Embed Pods Frameworks";
			outputPaths = (
			);
			runOnlyForDeploymentPostprocessing = 0;
			shellPath = /bin/sh;
			shellScript = "\"${SRCROOT}/../Pods/Target Support Files/Pods-BindUIElements/Pods-BindUIElements-frameworks.sh\"\n";
			showEnvVarsInLog = 0;
		};
		A28E551B9D793D41A763E9FB /* [CP] Copy Pods Resources */ = {
			isa = PBXShellScriptBuildPhase;
			buildActionMask = 2147483647;
			files = (
			);
			inputPaths = (
			);
			name = "[CP] Copy Pods Resources";
			outputPaths = (
			);
			runOnlyForDeploymentPostprocessing = 0;
			shellPath = /bin/sh;
			shellScript = "\"${SRCROOT}/../Pods/Target Support Files/Pods-BindUIElements/Pods-BindUIElements-resources.sh\"\n";
			showEnvVarsInLog = 0;
		};
		A424F3856EFD90C19EFDA4DE /* [CP] Embed Pods Frameworks */ = {
			isa = PBXShellScriptBuildPhase;
			buildActionMask = 2147483647;
			files = (
			);
			inputPaths = (
			);
			name = "[CP] Embed Pods Frameworks";
			outputPaths = (
			);
			runOnlyForDeploymentPostprocessing = 0;
			shellPath = /bin/sh;
			shellScript = "\"${SRCROOT}/../Pods/Target Support Files/Pods-BindUIElementsTests/Pods-BindUIElementsTests-frameworks.sh\"\n";
			showEnvVarsInLog = 0;
		};
		C9842C6D40C8296D6A23808F /* [CP] Check Pods Manifest.lock */ = {
			isa = PBXShellScriptBuildPhase;
			buildActionMask = 2147483647;
			files = (
			);
			inputPaths = (
			);
			name = "[CP] Check Pods Manifest.lock";
			outputPaths = (
			);
			runOnlyForDeploymentPostprocessing = 0;
			shellPath = /bin/sh;
			shellScript = "diff \"${PODS_ROOT}/../Podfile.lock\" \"${PODS_ROOT}/Manifest.lock\" > /dev/null\nif [ $? != 0 ] ; then\n    # print error to STDERR\n    echo \"error: The sandbox is not in sync with the Podfile.lock. Run 'pod install' or update your CocoaPods installation.\" >&2\n    exit 1\nfi\n";
			showEnvVarsInLog = 0;
		};
/* End PBXShellScriptBuildPhase section */

/* Begin PBXSourcesBuildPhase section */
		53B9C7C31DB90C5A0003C8BD /* Sources */ = {
			isa = PBXSourcesBuildPhase;
			buildActionMask = 2147483647;
			files = (
				53B9C7CD1DB90C5A0003C8BD /* BindController.swift in Sources */,
				53676B101DBD17AA0096F0DB /* String.swift in Sources */,
				53B67F891DBD8D1A00EE1FA8 /* Repository.swift in Sources */,
				53566B831DB9C018000BD288 /* Contributor.swift in Sources */,
				53566B7E1DB9B0C1000BD288 /* DataController.swift in Sources */,
				53AC80F21DBD898600608BD4 /* GitHubController.swift in Sources */,
				5367A7EB1DBA54A400E5B788 /* TitledHeaderView.swift in Sources */,
				536F271B1DBA9392000E6541 /* ForwardViewModel.swift in Sources */,
				5367A7F21DBA5C6900E5B788 /* AnimatedSectionModel.swift in Sources */,
				5367A7ED1DBA55BB00E5B788 /* TitledCellView.swift in Sources */,
				5324A9911DB94152005AE0B7 /* BorderedTextView.swift in Sources */,
				5367A7E91DBA4CCC00E5B788 /* CollectionViewController.swift in Sources */,
				53566B801DB9BBC8000BD288 /* TableViewController.swift in Sources */,
				53B9C7CB1DB90C5A0003C8BD /* AppDelegate.swift in Sources */,
				536F271D1DBA9C6F000E6541 /* ForwardController.swift in Sources */,
				53B67F8B1DBD8D6B00EE1FA8 /* GitHubViewModel.swift in Sources */,
			);
			runOnlyForDeploymentPostprocessing = 0;
		};
		53B9C7D71DB90C5A0003C8BD /* Sources */ = {
			isa = PBXSourcesBuildPhase;
			buildActionMask = 2147483647;
			files = (
				53B9C7E01DB90C5A0003C8BD /* BindUIElementsTests.swift in Sources */,
			);
			runOnlyForDeploymentPostprocessing = 0;
		};
/* End PBXSourcesBuildPhase section */

/* Begin PBXTargetDependency section */
		53B9C7DD1DB90C5A0003C8BD /* PBXTargetDependency */ = {
			isa = PBXTargetDependency;
			target = 53B9C7C61DB90C5A0003C8BD /* BindUIElements */;
			targetProxy = 53B9C7DC1DB90C5A0003C8BD /* PBXContainerItemProxy */;
		};
/* End PBXTargetDependency section */

/* Begin PBXVariantGroup section */
		53B9C7CE1DB90C5A0003C8BD /* Main.storyboard */ = {
			isa = PBXVariantGroup;
			children = (
				53B9C7CF1DB90C5A0003C8BD /* Base */,
			);
			name = Main.storyboard;
			sourceTree = "<group>";
		};
		53B9C7D31DB90C5A0003C8BD /* LaunchScreen.storyboard */ = {
			isa = PBXVariantGroup;
			children = (
				53B9C7D41DB90C5A0003C8BD /* Base */,
			);
			name = LaunchScreen.storyboard;
			sourceTree = "<group>";
		};
/* End PBXVariantGroup section */

/* Begin XCBuildConfiguration section */
		53B9C7E21DB90C5A0003C8BD /* Debug */ = {
			isa = XCBuildConfiguration;
			buildSettings = {
				ALWAYS_SEARCH_USER_PATHS = NO;
				CLANG_ANALYZER_NONNULL = YES;
				CLANG_CXX_LANGUAGE_STANDARD = "gnu++0x";
				CLANG_CXX_LIBRARY = "libc++";
				CLANG_ENABLE_MODULES = YES;
				CLANG_ENABLE_OBJC_ARC = YES;
				CLANG_WARN_BOOL_CONVERSION = YES;
				CLANG_WARN_CONSTANT_CONVERSION = YES;
				CLANG_WARN_DIRECT_OBJC_ISA_USAGE = YES_ERROR;
				CLANG_WARN_DOCUMENTATION_COMMENTS = YES;
				CLANG_WARN_EMPTY_BODY = YES;
				CLANG_WARN_ENUM_CONVERSION = YES;
				CLANG_WARN_INFINITE_RECURSION = YES;
				CLANG_WARN_INT_CONVERSION = YES;
				CLANG_WARN_OBJC_ROOT_CLASS = YES_ERROR;
				CLANG_WARN_SUSPICIOUS_MOVE = YES;
				CLANG_WARN_SUSPICIOUS_MOVES = YES;
				CLANG_WARN_UNREACHABLE_CODE = YES;
				CLANG_WARN__DUPLICATE_METHOD_MATCH = YES;
				"CODE_SIGN_IDENTITY[sdk=iphoneos*]" = "iPhone Developer";
				COPY_PHASE_STRIP = NO;
				DEBUG_INFORMATION_FORMAT = dwarf;
				ENABLE_STRICT_OBJC_MSGSEND = YES;
				ENABLE_TESTABILITY = YES;
				GCC_C_LANGUAGE_STANDARD = gnu99;
				GCC_DYNAMIC_NO_PIC = NO;
				GCC_NO_COMMON_BLOCKS = YES;
				GCC_OPTIMIZATION_LEVEL = 0;
				GCC_PREPROCESSOR_DEFINITIONS = (
					"DEBUG=1",
					"$(inherited)",
				);
				GCC_WARN_64_TO_32_BIT_CONVERSION = YES;
				GCC_WARN_ABOUT_RETURN_TYPE = YES_ERROR;
				GCC_WARN_UNDECLARED_SELECTOR = YES;
				GCC_WARN_UNINITIALIZED_AUTOS = YES_AGGRESSIVE;
				GCC_WARN_UNUSED_FUNCTION = YES;
				GCC_WARN_UNUSED_VARIABLE = YES;
				IPHONEOS_DEPLOYMENT_TARGET = 10.0;
				MTL_ENABLE_DEBUG_INFO = YES;
				ONLY_ACTIVE_ARCH = YES;
				SDKROOT = iphoneos;
				SWIFT_ACTIVE_COMPILATION_CONDITIONS = DEBUG;
				SWIFT_OPTIMIZATION_LEVEL = "-Onone";
				TARGETED_DEVICE_FAMILY = "1,2";
			};
			name = Debug;
		};
		53B9C7E31DB90C5A0003C8BD /* Release */ = {
			isa = XCBuildConfiguration;
			buildSettings = {
				ALWAYS_SEARCH_USER_PATHS = NO;
				CLANG_ANALYZER_NONNULL = YES;
				CLANG_CXX_LANGUAGE_STANDARD = "gnu++0x";
				CLANG_CXX_LIBRARY = "libc++";
				CLANG_ENABLE_MODULES = YES;
				CLANG_ENABLE_OBJC_ARC = YES;
				CLANG_WARN_BOOL_CONVERSION = YES;
				CLANG_WARN_CONSTANT_CONVERSION = YES;
				CLANG_WARN_DIRECT_OBJC_ISA_USAGE = YES_ERROR;
				CLANG_WARN_DOCUMENTATION_COMMENTS = YES;
				CLANG_WARN_EMPTY_BODY = YES;
				CLANG_WARN_ENUM_CONVERSION = YES;
				CLANG_WARN_INFINITE_RECURSION = YES;
				CLANG_WARN_INT_CONVERSION = YES;
				CLANG_WARN_OBJC_ROOT_CLASS = YES_ERROR;
				CLANG_WARN_SUSPICIOUS_MOVE = YES;
				CLANG_WARN_SUSPICIOUS_MOVES = YES;
				CLANG_WARN_UNREACHABLE_CODE = YES;
				CLANG_WARN__DUPLICATE_METHOD_MATCH = YES;
				"CODE_SIGN_IDENTITY[sdk=iphoneos*]" = "iPhone Developer";
				COPY_PHASE_STRIP = NO;
				DEBUG_INFORMATION_FORMAT = "dwarf-with-dsym";
				ENABLE_NS_ASSERTIONS = NO;
				ENABLE_STRICT_OBJC_MSGSEND = YES;
				GCC_C_LANGUAGE_STANDARD = gnu99;
				GCC_NO_COMMON_BLOCKS = YES;
				GCC_WARN_64_TO_32_BIT_CONVERSION = YES;
				GCC_WARN_ABOUT_RETURN_TYPE = YES_ERROR;
				GCC_WARN_UNDECLARED_SELECTOR = YES;
				GCC_WARN_UNINITIALIZED_AUTOS = YES_AGGRESSIVE;
				GCC_WARN_UNUSED_FUNCTION = YES;
				GCC_WARN_UNUSED_VARIABLE = YES;
				IPHONEOS_DEPLOYMENT_TARGET = 10.0;
				MTL_ENABLE_DEBUG_INFO = NO;
				SDKROOT = iphoneos;
				SWIFT_OPTIMIZATION_LEVEL = "-Owholemodule";
				TARGETED_DEVICE_FAMILY = "1,2";
				VALIDATE_PRODUCT = YES;
			};
			name = Release;
		};
		53B9C7E51DB90C5A0003C8BD /* Debug */ = {
			isa = XCBuildConfiguration;
			baseConfigurationReference = A79361B6EB45C6D3E4665263 /* Pods-BindUIElements.debug.xcconfig */;
			buildSettings = {
				ALWAYS_EMBED_SWIFT_STANDARD_LIBRARIES = "$(inherited)";
				ASSETCATALOG_COMPILER_APPICON_NAME = AppIcon;
				DEVELOPMENT_TEAM = LQ5WW9469F;
				INFOPLIST_FILE = BindUIElements/Info.plist;
				LD_RUNPATH_SEARCH_PATHS = "$(inherited) @executable_path/Frameworks";
				PRODUCT_BUNDLE_IDENTIFIER = "io.swift-yah.BindUIElements";
				PRODUCT_NAME = "$(TARGET_NAME)";
				SWIFT_VERSION = 3.0;
			};
			name = Debug;
		};
		53B9C7E61DB90C5A0003C8BD /* Release */ = {
			isa = XCBuildConfiguration;
			baseConfigurationReference = 8C539263688EF6C160610FCE /* Pods-BindUIElements.release.xcconfig */;
			buildSettings = {
				ALWAYS_EMBED_SWIFT_STANDARD_LIBRARIES = "$(inherited)";
				ASSETCATALOG_COMPILER_APPICON_NAME = AppIcon;
				DEVELOPMENT_TEAM = LQ5WW9469F;
				INFOPLIST_FILE = BindUIElements/Info.plist;
				LD_RUNPATH_SEARCH_PATHS = "$(inherited) @executable_path/Frameworks";
				PRODUCT_BUNDLE_IDENTIFIER = "io.swift-yah.BindUIElements";
				PRODUCT_NAME = "$(TARGET_NAME)";
				SWIFT_VERSION = 3.0;
			};
			name = Release;
		};
		53B9C7E81DB90C5A0003C8BD /* Debug */ = {
			isa = XCBuildConfiguration;
			baseConfigurationReference = 5838C0D1C7723D4F08641776 /* Pods-BindUIElementsTests.debug.xcconfig */;
			buildSettings = {
				ALWAYS_EMBED_SWIFT_STANDARD_LIBRARIES = "$(inherited)";
				BUNDLE_LOADER = "$(TEST_HOST)";
				DEVELOPMENT_TEAM = LQ5WW9469F;
				INFOPLIST_FILE = BindUIElementsTests/Info.plist;
				LD_RUNPATH_SEARCH_PATHS = "$(inherited) @executable_path/Frameworks @loader_path/Frameworks";
				PRODUCT_BUNDLE_IDENTIFIER = "io.swift-yah.BindUIElementsTests";
				PRODUCT_NAME = "$(TARGET_NAME)";
				SWIFT_VERSION = 3.0;
				TEST_HOST = "$(BUILT_PRODUCTS_DIR)/BindUIElements.app/BindUIElements";
			};
			name = Debug;
		};
		53B9C7E91DB90C5A0003C8BD /* Release */ = {
			isa = XCBuildConfiguration;
			baseConfigurationReference = 99BA9DB4932D97187AD0005F /* Pods-BindUIElementsTests.release.xcconfig */;
			buildSettings = {
				ALWAYS_EMBED_SWIFT_STANDARD_LIBRARIES = "$(inherited)";
				BUNDLE_LOADER = "$(TEST_HOST)";
				DEVELOPMENT_TEAM = LQ5WW9469F;
				INFOPLIST_FILE = BindUIElementsTests/Info.plist;
				LD_RUNPATH_SEARCH_PATHS = "$(inherited) @executable_path/Frameworks @loader_path/Frameworks";
				PRODUCT_BUNDLE_IDENTIFIER = "io.swift-yah.BindUIElementsTests";
				PRODUCT_NAME = "$(TARGET_NAME)";
				SWIFT_VERSION = 3.0;
				TEST_HOST = "$(BUILT_PRODUCTS_DIR)/BindUIElements.app/BindUIElements";
			};
			name = Release;
		};
/* End XCBuildConfiguration section */

/* Begin XCConfigurationList section */
		53B9C7C21DB90C5A0003C8BD /* Build configuration list for PBXProject "BindUIElements" */ = {
			isa = XCConfigurationList;
			buildConfigurations = (
				53B9C7E21DB90C5A0003C8BD /* Debug */,
				53B9C7E31DB90C5A0003C8BD /* Release */,
			);
			defaultConfigurationIsVisible = 0;
			defaultConfigurationName = Release;
		};
		53B9C7E41DB90C5A0003C8BD /* Build configuration list for PBXNativeTarget "BindUIElements" */ = {
			isa = XCConfigurationList;
			buildConfigurations = (
				53B9C7E51DB90C5A0003C8BD /* Debug */,
				53B9C7E61DB90C5A0003C8BD /* Release */,
			);
			defaultConfigurationIsVisible = 0;
			defaultConfigurationName = Release;
		};
		53B9C7E71DB90C5A0003C8BD /* Build configuration list for PBXNativeTarget "BindUIElementsTests" */ = {
			isa = XCConfigurationList;
			buildConfigurations = (
				53B9C7E81DB90C5A0003C8BD /* Debug */,
				53B9C7E91DB90C5A0003C8BD /* Release */,
			);
			defaultConfigurationIsVisible = 0;
			defaultConfigurationName = Release;
		};
/* End XCConfigurationList section */
	};
	rootObject = 53B9C7BF1DB90C5A0003C8BD /* Project object */;
}
